
Microsoft Visual Studio Solution File, Format Version 12.00
# Visual Studio Version 16
VisualStudioVersion = 16.0.29215.179
MinimumVisualStudioVersion = 10.0.40219.1
Project("{FAE04EC0-301F-11D3-BF4B-00C04F79EFBC}") = "PcitcSkillsCompetition", "PcitcSkillsCompetition\PcitcSkillsCompetition.csproj", "{A5140D30-9E36-405A-823C-6EB34F4CE604}"
EndProject
Global
	GlobalSection(SolutionConfigurationPlatforms) = preSolution
		Debug|Any CPU = Debug|Any CPU
		Release|Any CPU = Release|Any CPU
	EndGlobalSection
	GlobalSection(ProjectConfigurationPlatforms) = postSolution
		{A5140D30-9E36-405A-823C-6EB34F4CE604}.Debug|Any CPU.ActiveCfg = Debug|Any CPU
		{A5140D30-9E36-405A-823C-6EB34F4CE604}.Debug|Any CPU.Build.0 = Debug|Any CPU
		{A5140D30-9E36-405A-823C-6EB34F4CE604}.Release|Any CPU.ActiveCfg = Release|Any CPU
		{A5140D30-9E36-405A-823C-6EB34F4CE604}.Release|Any CPU.Build.0 = Release|Any CPU
	EndGlobalSection
	GlobalSection(SolutionProperties) = preSolution
		HideSolutionNode = FALSE
	EndGlobalSection
	GlobalSection(ExtensibilityGlobals) = postSolution
		SolutionGuid = {106D6896-6112-43B3-9418-418ED25ACA7B}
	EndGlobalSection
EndGlobal
